
Microsoft Visual Studio Solution File, Format Version 12.00
# Visual Studio Version 17
VisualStudioVersion = 17.3.32929.385
MinimumVisualStudioVersion = 10.0.40219.1
Project("{FAE04EC0-301F-11D3-BF4B-00C04F79EFBC}") = "FinbourneCache", "FinbourneCache\FinbourneCache.csproj", "{2B0D672E-8D36-4CC5-A2E3-29FB0B615B41}"
EndProject
Project("{FAE04EC0-301F-11D3-BF4B-00C04F79EFBC}") = "FinbourneCache.Tests", "FinbourneCache.Tests\FinbourneCache.Tests.csproj", "{1219FF4B-0E2D-4E47-A3E7-BE4C668D399C}"
EndProject
Global
	GlobalSection(SolutionConfigurationPlatforms) = preSolution
		Debug|Any CPU = Debug|Any CPU
		Release|Any CPU = Release|Any CPU
	EndGlobalSection
	GlobalSection(ProjectConfigurationPlatforms) = postSolution
		{2B0D672E-8D36-4CC5-A2E3-29FB0B615B41}.Debug|Any CPU.ActiveCfg = Debug|Any CPU
		{2B0D672E-8D36-4CC5-A2E3-29FB0B615B41}.Debug|Any CPU.Build.0 = Debug|Any CPU
		{2B0D672E-8D36-4CC5-A2E3-29FB0B615B41}.Release|Any CPU.ActiveCfg = Release|Any CPU
		{2B0D672E-8D36-4CC5-A2E3-29FB0B615B41}.Release|Any CPU.Build.0 = Release|Any CPU
		{1219FF4B-0E2D-4E47-A3E7-BE4C668D399C}.Debug|Any CPU.ActiveCfg = Debug|Any CPU
		{1219FF4B-0E2D-4E47-A3E7-BE4C668D399C}.Debug|Any CPU.Build.0 = Debug|Any CPU
		{1219FF4B-0E2D-4E47-A3E7-BE4C668D399C}.Release|Any CPU.ActiveCfg = Release|Any CPU
		{1219FF4B-0E2D-4E47-A3E7-BE4C668D399C}.Release|Any CPU.Build.0 = Release|Any CPU
	EndGlobalSection
	GlobalSection(SolutionProperties) = preSolution
		HideSolutionNode = FALSE
	EndGlobalSection
	GlobalSection(ExtensibilityGlobals) = postSolution
		SolutionGuid = {4B4CDDB7-2CF2-4BA6-992C-B97DC6092844}
	EndGlobalSection
EndGlobal
